
Microsoft Visual Studio Solution File, Format Version 12.00
# Visual Studio 2012
Project("{FAE04EC0-301F-11D3-BF4B-00C04F79EFBC}") = "SafeEnvironment.Mvc", "SafeEnvironment.Mvc\SafeEnvironment.Mvc.csproj", "{3682CC91-B6E7-4670-BBD7-FAD0FEB48DA2}"
EndProject
Project("{FAE04EC0-301F-11D3-BF4B-00C04F79EFBC}") = "SafeEnvironment.Mvc.UTest", "SafeEnvironment.Mvc.UTest\SafeEnvironment.Mvc.UTest.csproj", "{AC0952FB-02D3-4137-ADD3-FD25F19DED5B}"
EndProject
Global
	GlobalSection(SolutionConfigurationPlatforms) = preSolution
		Debug|Any CPU = Debug|Any CPU
		Release|Any CPU = Release|Any CPU
	EndGlobalSection
	GlobalSection(ProjectConfigurationPlatforms) = postSolution
		{3682CC91-B6E7-4670-BBD7-FAD0FEB48DA2}.Debug|Any CPU.ActiveCfg = Debug|Any CPU
		{3682CC91-B6E7-4670-BBD7-FAD0FEB48DA2}.Debug|Any CPU.Build.0 = Debug|Any CPU
		{3682CC91-B6E7-4670-BBD7-FAD0FEB48DA2}.Release|Any CPU.ActiveCfg = Release|Any CPU
		{3682CC91-B6E7-4670-BBD7-FAD0FEB48DA2}.Release|Any CPU.Build.0 = Release|Any CPU
		{AC0952FB-02D3-4137-ADD3-FD25F19DED5B}.Debug|Any CPU.ActiveCfg = Debug|Any CPU
		{AC0952FB-02D3-4137-ADD3-FD25F19DED5B}.Debug|Any CPU.Build.0 = Debug|Any CPU
		{AC0952FB-02D3-4137-ADD3-FD25F19DED5B}.Release|Any CPU.ActiveCfg = Release|Any CPU
		{AC0952FB-02D3-4137-ADD3-FD25F19DED5B}.Release|Any CPU.Build.0 = Release|Any CPU
	EndGlobalSection
	GlobalSection(SolutionProperties) = preSolution
		HideSolutionNode = FALSE
	EndGlobalSection
EndGlobal
